// !$*UTF8*$!
{
	archiveVersion = 1;
	classes = {
	};
	objectVersion = 46;
	objects = {

/* Begin PBXBuildFile section */
		3419A2AA1A27147B0067F682 /* AppDelegate.swift in Sources */ = {isa = PBXBuildFile; fileRef = 3419A2A91A27147B0067F682 /* AppDelegate.swift */; };
		3419A2AC1A27147B0067F682 /* Images.xcassets in Resources */ = {isa = PBXBuildFile; fileRef = 3419A2AB1A27147B0067F682 /* Images.xcassets */; };
		3419A2AF1A27147B0067F682 /* MainMenu.xib in Resources */ = {isa = PBXBuildFile; fileRef = 3419A2AD1A27147B0067F682 /* MainMenu.xib */; };
		3419A2BB1A27147B0067F682 /* TrackMixTests.swift in Sources */ = {isa = PBXBuildFile; fileRef = 3419A2BA1A27147B0067F682 /* TrackMixTests.swift */; };
		34F36A001A271ECD006A346F /* Track.swift in Sources */ = {isa = PBXBuildFile; fileRef = 34F369FF1A271ECD006A346F /* Track.swift */; };
/* End PBXBuildFile section */

/* Begin PBXContainerItemProxy section */
		3419A2B51A27147B0067F682 /* PBXContainerItemProxy */ = {
			isa = PBXContainerItemProxy;
			containerPortal = 3419A29C1A27147B0067F682 /* Project object */;
			proxyType = 1;
			remoteGlobalIDString = 3419A2A31A27147B0067F682;
			remoteInfo = TrackMix;
		};
/* End PBXContainerItemProxy section */

/* Begin PBXFileReference section */
		3419A2A41A27147B0067F682 /* TrackMix.app */ = {isa = PBXFileReference; explicitFileType = wrapper.application; includeInIndex = 0; path = TrackMix.app; sourceTree = BUILT_PRODUCTS_DIR; };
		3419A2A81A27147B0067F682 /* Info.plist */ = {isa = PBXFileReference; lastKnownFileType = text.plist.xml; path = Info.plist; sourceTree = "<group>"; };
		3419A2A91A27147B0067F682 /* AppDelegate.swift */ = {isa = PBXFileReference; lastKnownFileType = sourcecode.swift; path = AppDelegate.swift; sourceTree = "<group>"; };
		3419A2AB1A27147B0067F682 /* Images.xcassets */ = {isa = PBXFileReference; lastKnownFileType = folder.assetcatalog; path = Images.xcassets; sourceTree = "<group>"; };
		3419A2AE1A27147B0067F682 /* Base */ = {isa = PBXFileReference; lastKnownFileType = file.xib; name = Base; path = Base.lproj/MainMenu.xib; sourceTree = "<group>"; };
		3419A2B41A27147B0067F682 /* TrackMixTests.xctest */ = {isa = PBXFileReference; explicitFileType = wrapper.cfbundle; includeInIndex = 0; path = TrackMixTests.xctest; sourceTree = BUILT_PRODUCTS_DIR; };
		3419A2B91A27147B0067F682 /* Info.plist */ = {isa = PBXFileReference; lastKnownFileType = text.plist.xml; path = Info.plist; sourceTree = "<group>"; };
		3419A2BA1A27147B0067F682 /* TrackMixTests.swift */ = {isa = PBXFileReference; lastKnownFileType = sourcecode.swift; path = TrackMixTests.swift; sourceTree = "<group>"; };
		34F369FF1A271ECD006A346F /* Track.swift */ = {isa = PBXFileReference; fileEncoding = 4; lastKnownFileType = sourcecode.swift; path = Track.swift; sourceTree = "<group>"; };
/* End PBXFileReference section */

/* Begin PBXFrameworksBuildPhase section */
		3419A2A11A27147B0067F682 /* Frameworks */ = {
			isa = PBXFrameworksBuildPhase;
			buildActionMask = 2147483647;
			files = (
			);
			runOnlyForDeploymentPostprocessing = 0;
		};
		3419A2B11A27147B0067F682 /* Frameworks */ = {
			isa = PBXFrameworksBuildPhase;
			buildActionMask = 2147483647;
			files = (
			);
			runOnlyForDeploymentPostprocessing = 0;
		};
/* End PBXFrameworksBuildPhase section */

/* Begin PBXGroup section */
		3419A29B1A27147B0067F682 = {
			isa = PBXGroup;
			children = (
				3419A2A61A27147B0067F682 /* TrackMix */,
				3419A2B71A27147B0067F682 /* TrackMixTests */,
				3419A2A51A27147B0067F682 /* Products */,
			);
			sourceTree = "<group>";
		};
		3419A2A51A27147B0067F682 /* Products */ = {
			isa = PBXGroup;
			children = (
				3419A2A41A27147B0067F682 /* TrackMix.app */,
				3419A2B41A27147B0067F682 /* TrackMixTests.xctest */,
			);
			name = Products;
			sourceTree = "<group>";
		};
		3419A2A61A27147B0067F682 /* TrackMix */ = {
			isa = PBXGroup;
			children = (
				3419A2A91A27147B0067F682 /* AppDelegate.swift */,
				3419A2AB1A27147B0067F682 /* Images.xcassets */,
				3419A2AD1A27147B0067F682 /* MainMenu.xib */,
				3419A2A71A27147B0067F682 /* Supporting Files */,
				34F369FF1A271ECD006A346F /* Track.swift */,
			);
			path = TrackMix;
			sourceTree = "<group>";
		};
		3419A2A71A27147B0067F682 /* Supporting Files */ = {
			isa = PBXGroup;
			children = (
				3419A2A81A27147B0067F682 /* Info.plist */,
			);
			name = "Supporting Files";
			sourceTree = "<group>";
		};
		3419A2B71A27147B0067F682 /* TrackMixTests */ = {
			isa = PBXGroup;
			children = (
				3419A2BA1A27147B0067F682 /* TrackMixTests.swift */,
				3419A2B81A27147B0067F682 /* Supporting Files */,
			);
			path = TrackMixTests;
			sourceTree = "<group>";
		};
		3419A2B81A27147B0067F682 /* Supporting Files */ = {
			isa = PBXGroup;
			children = (
				3419A2B91A27147B0067F682 /* Info.plist */,
			);
			name = "Supporting Files";
			sourceTree = "<group>";
		};
/* End PBXGroup section */

/* Begin PBXNativeTarget section */
		3419A2A31A27147B0067F682 /* TrackMix */ = {
			isa = PBXNativeTarget;
			buildConfigurationList = 3419A2BE1A27147B0067F682 /* Build configuration list for PBXNativeTarget "TrackMix" */;
			buildPhases = (
				3419A2A01A27147B0067F682 /* Sources */,
				3419A2A11A27147B0067F682 /* Frameworks */,
				3419A2A21A27147B0067F682 /* Resources */,
			);
			buildRules = (
			);
			dependencies = (
			);
			name = TrackMix;
			productName = TrackMix;
			productReference = 3419A2A41A27147B0067F682 /* TrackMix.app */;
			productType = "com.apple.product-type.application";
		};
		3419A2B31A27147B0067F682 /* TrackMixTests */ = {
			isa = PBXNativeTarget;
			buildConfigurationList = 3419A2C11A27147B0067F682 /* Build configuration list for PBXNativeTarget "TrackMixTests" */;
			buildPhases = (
				3419A2B01A27147B0067F682 /* Sources */,
				3419A2B11A27147B0067F682 /* Frameworks */,
				3419A2B21A27147B0067F682 /* Resources */,
			);
			buildRules = (
			);
			dependencies = (
				3419A2B61A27147B0067F682 /* PBXTargetDependency */,
			);
			name = TrackMixTests;
			productName = TrackMixTests;
			productReference = 3419A2B41A27147B0067F682 /* TrackMixTests.xctest */;
			productType = "com.apple.product-type.bundle.unit-test";
		};
/* End PBXNativeTarget section */

/* Begin PBXProject section */
		3419A29C1A27147B0067F682 /* Project object */ = {
			isa = PBXProject;
			attributes = {
				LastUpgradeCheck = 0610;
				ORGANIZATIONNAME = Rdomunoz;
				TargetAttributes = {
					3419A2A31A27147B0067F682 = {
						CreatedOnToolsVersion = 6.1;
					};
					3419A2B31A27147B0067F682 = {
						CreatedOnToolsVersion = 6.1;
						TestTargetID = 3419A2A31A27147B0067F682;
					};
				};
			};
			buildConfigurationList = 3419A29F1A27147B0067F682 /* Build configuration list for PBXProject "TrackMix" */;
			compatibilityVersion = "Xcode 3.2";
			developmentRegion = English;
			hasScannedForEncodings = 0;
			knownRegions = (
				en,
				Base,
			);
			mainGroup = 3419A29B1A27147B0067F682;
			productRefGroup = 3419A2A51A27147B0067F682 /* Products */;
			projectDirPath = "";
			projectRoot = "";
			targets = (
				3419A2A31A27147B0067F682 /* TrackMix */,
				3419A2B31A27147B0067F682 /* TrackMixTests */,
			);
		};
/* End PBXProject section */

/* Begin PBXResourcesBuildPhase section */
		3419A2A21A27147B0067F682 /* Resources */ = {
			isa = PBXResourcesBuildPhase;
			buildActionMask = 2147483647;
			files = (
				3419A2AC1A27147B0067F682 /* Images.xcassets in Resources */,
				3419A2AF1A27147B0067F682 /* MainMenu.xib in Resources */,
			);
			runOnlyForDeploymentPostprocessing = 0;
		};
		3419A2B21A27147B0067F682 /* Resources */ = {
			isa = PBXResourcesBuildPhase;
			buildActionMask = 2147483647;
			files = (
			);
			runOnlyForDeploymentPostprocessing = 0;
		};
/* End PBXResourcesBuildPhase section */

/* Begin PBXSourcesBuildPhase section */
		3419A2A01A27147B0067F682 /* Sources */ = {
			isa = PBXSourcesBuildPhase;
			buildActionMask = 2147483647;
			files = (
				3419A2AA1A27147B0067F682 /* AppDelegate.swift in Sources */,
				34F36A001A271ECD006A346F /* Track.swift in Sources */,
			);
			runOnlyForDeploymentPostprocessing = 0;
		};
		3419A2B01A27147B0067F682 /* Sources */ = {
			isa = PBXSourcesBuildPhase;
			buildActionMask = 2147483647;
			files = (
				3419A2BB1A27147B0067F682 /* TrackMixTests.swift in Sources */,
			);
			runOnlyForDeploymentPostprocessing = 0;
		};
/* End PBXSourcesBuildPhase section */

/* Begin PBXTargetDependency section */
		3419A2B61A27147B0067F682 /* PBXTargetDependency */ = {
			isa = PBXTargetDependency;
			target = 3419A2A31A27147B0067F682 /* TrackMix */;
			targetProxy = 3419A2B51A27147B0067F682 /* PBXContainerItemProxy */;
		};
/* End PBXTargetDependency section */

/* Begin PBXVariantGroup section */
		3419A2AD1A27147B0067F682 /* MainMenu.xib */ = {
			isa = PBXVariantGroup;
			children = (
				3419A2AE1A27147B0067F682 /* Base */,
			);
			name = MainMenu.xib;
			sourceTree = "<group>";
		};
/* End PBXVariantGroup section */

/* Begin XCBuildConfiguration section */
		3419A2BC1A27147B0067F682 /* Debug */ = {
			isa = XCBuildConfiguration;
			buildSettings = {
				ALWAYS_SEARCH_USER_PATHS = NO;
				CLANG_CXX_LANGUAGE_STANDARD = "gnu++0x";
				CLANG_CXX_LIBRARY = "libc++";
				CLANG_ENABLE_MODULES = YES;
				CLANG_ENABLE_OBJC_ARC = YES;
				CLANG_WARN_BOOL_CONVERSION = YES;
				CLANG_WARN_CONSTANT_CONVERSION = YES;
				CLANG_WARN_DIRECT_OBJC_ISA_USAGE = YES_ERROR;
				CLANG_WARN_EMPTY_BODY = YES;
				CLANG_WARN_ENUM_CONVERSION = YES;
				CLANG_WARN_INT_CONVERSION = YES;
				CLANG_WARN_OBJC_ROOT_CLASS = YES_ERROR;
				CLANG_WARN_UNREACHABLE_CODE = YES;
				CLANG_WARN__DUPLICATE_METHOD_MATCH = YES;
				CODE_SIGN_IDENTITY = "-";
				COPY_PHASE_STRIP = NO;
				ENABLE_STRICT_OBJC_MSGSEND = YES;
				GCC_C_LANGUAGE_STANDARD = gnu99;
				GCC_DYNAMIC_NO_PIC = NO;
				GCC_OPTIMIZATION_LEVEL = 0;
				GCC_PREPROCESSOR_DEFINITIONS = (
					"DEBUG=1",
					"$(inherited)",
				);
				GCC_SYMBOLS_PRIVATE_EXTERN = NO;
				GCC_WARN_64_TO_32_BIT_CONVERSION = YES;
				GCC_WARN_ABOUT_RETURN_TYPE = YES_ERROR;
				GCC_WARN_UNDECLARED_SELECTOR = YES;
				GCC_WARN_UNINITIALIZED_AUTOS = YES_AGGRESSIVE;
				GCC_WARN_UNUSED_FUNCTION = YES;
				GCC_WARN_UNUSED_VARIABLE = YES;
				MACOSX_DEPLOYMENT_TARGET = 10.10;
				MTL_ENABLE_DEBUG_INFO = YES;
				ONLY_ACTIVE_ARCH = YES;
				SDKROOT = macosx;
				SWIFT_OPTIMIZATION_LEVEL = "-Onone";
			};
			name = Debug;
		};
		3419A2BD1A27147B0067F682 /* Release */ = {
			isa = XCBuildConfiguration;
			buildSettings = {
				ALWAYS_SEARCH_USER_PATHS = NO;
				CLANG_CXX_LANGUAGE_STANDARD = "gnu++0x";
				CLANG_CXX_LIBRARY = "libc++";
				CLANG_ENABLE_MODULES = YES;
				CLANG_ENABLE_OBJC_ARC = YES;
				CLANG_WARN_BOOL_CONVERSION = YES;
				CLANG_WARN_CONSTANT_CONVERSION = YES;
				CLANG_WARN_DIRECT_OBJC_ISA_USAGE = YES_ERROR;
				CLANG_WARN_EMPTY_BODY = YES;
				CLANG_WARN_ENUM_CONVERSION = YES;
				CLANG_WARN_INT_CONVERSION = YES;
				CLANG_WARN_OBJC_ROOT_CLASS = YES_ERROR;
				CLANG_WARN_UNREACHABLE_CODE = YES;
				CLANG_WARN__DUPLICATE_METHOD_MATCH = YES;
				CODE_SIGN_IDENTITY = "-";
				COPY_PHASE_STRIP = YES;
				DEBUG_INFORMATION_FORMAT = "dwarf-with-dsym";
				ENABLE_NS_ASSERTIONS = NO;
				ENABLE_STRICT_OBJC_MSGSEND = YES;
				GCC_C_LANGUAGE_STANDARD = gnu99;
				GCC_WARN_64_TO_32_BIT_CONVERSION = YES;
				GCC_WARN_ABOUT_RETURN_TYPE = YES_ERROR;
				GCC_WARN_UNDECLARED_SELECTOR = YES;
				GCC_WARN_UNINITIALIZED_AUTOS = YES_AGGRESSIVE;
				GCC_WARN_UNUSED_FUNCTION = YES;
				GCC_WARN_UNUSED_VARIABLE = YES;
				MACOSX_DEPLOYMENT_TARGET = 10.10;
				MTL_ENABLE_DEBUG_INFO = NO;
				SDKROOT = macosx;
			};
			name = Release;
		};
		3419A2BF1A27147B0067F682 /* Debug */ = {
			isa = XCBuildConfiguration;
			buildSettings = {
				ASSETCATALOG_COMPILER_APPICON_NAME = AppIcon;
				COMBINE_HIDPI_IMAGES = YES;
				INFOPLIST_FILE = TrackMix/Info.plist;
				LD_RUNPATH_SEARCH_PATHS = "$(inherited) @executable_path/../Frameworks";
				MACOSX_DEPLOYMENT_TARGET = 10.10;
				PRODUCT_NAME = "$(TARGET_NAME)";
			};
			name = Debug;
		};
		3419A2C01A27147B0067F682 /* Release */ = {
			isa = XCBuildConfiguration;
			buildSettings = {
				ASSETCATALOG_COMPILER_APPICON_NAME = AppIcon;
				COMBINE_HIDPI_IMAGES = YES;
				INFOPLIST_FILE = TrackMix/Info.plist;
				LD_RUNPATH_SEARCH_PATHS = "$(inherited) @executable_path/../Frameworks";
				MACOSX_DEPLOYMENT_TARGET = 10.10;
				PRODUCT_NAME = "$(TARGET_NAME)";
			};
			name = Release;
		};
		3419A2C21A27147B0067F682 /* Debug */ = {
			isa = XCBuildConfiguration;
			buildSettings = {
				BUNDLE_LOADER = "$(TEST_HOST)";
				COMBINE_HIDPI_IMAGES = YES;
				FRAMEWORK_SEARCH_PATHS = (
					"$(DEVELOPER_FRAMEWORKS_DIR)",
					"$(inherited)",
				);
				GCC_PREPROCESSOR_DEFINITIONS = (
					"DEBUG=1",
					"$(inherited)",
				);
				INFOPLIST_FILE = TrackMixTests/Info.plist;
				LD_RUNPATH_SEARCH_PATHS = "$(inherited) @executable_path/../Frameworks @loader_path/../Frameworks";
				PRODUCT_NAME = "$(TARGET_NAME)";
				TEST_HOST = "$(BUILT_PRODUCTS_DIR)/TrackMix.app/Contents/MacOS/TrackMix";
			};
			name = Debug;
		};
		3419A2C31A27147B0067F682 /* Release */ = {
			isa = XCBuildConfiguration;
			buildSettings = {
				BUNDLE_LOADER = "$(TEST_HOST)";
				COMBINE_HIDPI_IMAGES = YES;
				FRAMEWORK_SEARCH_PATHS = (
					"$(DEVELOPER_FRAMEWORKS_DIR)",
					"$(inherited)",
				);
				INFOPLIST_FILE = TrackMixTests/Info.plist;
				LD_RUNPATH_SEARCH_PATHS = "$(inherited) @executable_path/../Frameworks @loader_path/../Frameworks";
				PRODUCT_NAME = "$(TARGET_NAME)";
				TEST_HOST = "$(BUILT_PRODUCTS_DIR)/TrackMix.app/Contents/MacOS/TrackMix";
			};
			name = Release;
		};
/* End XCBuildConfiguration section */

/* Begin XCConfigurationList section */
		3419A29F1A27147B0067F682 /* Build configuration list for PBXProject "TrackMix" */ = {
			isa = XCConfigurationList;
			buildConfigurations = (
				3419A2BC1A27147B0067F682 /* Debug */,
				3419A2BD1A27147B0067F682 /* Release */,
			);
			defaultConfigurationIsVisible = 0;
			defaultConfigurationName = Release;
		};
		3419A2BE1A27147B0067F682 /* Build configuration list for PBXNativeTarget "TrackMix" */ = {
			isa = XCConfigurationList;
			buildConfigurations = (
				3419A2BF1A27147B0067F682 /* Debug */,
				3419A2C01A27147B0067F682 /* Release */,
			);
			defaultConfigurationIsVisible = 0;
			defaultConfigurationName = Release;
		};
		3419A2C11A27147B0067F682 /* Build configuration list for PBXNativeTarget "TrackMixTests" */ = {
			isa = XCConfigurationList;
			buildConfigurations = (
				3419A2C21A27147B0067F682 /* Debug */,
				3419A2C31A27147B0067F682 /* Release */,
			);
			defaultConfigurationIsVisible = 0;
			defaultConfigurationName = Release;
		};
/* End XCConfigurationList section */
	};
	rootObject = 3419A29C1A27147B0067F682 /* Project object */;
}
